// !$*UTF8*$!
{
	archiveVersion = 1;
	classes = {
	};
	objectVersion = 46;
	objects = {

/* Begin PBXBuildFile section */
		D75DC4151B8F20D700AD7CA5 /* main.m in Sources */ = {isa = PBXBuildFile; fileRef = D75DC4141B8F20D700AD7CA5 /* main.m */; };
		D75DC4181B8F20D700AD7CA5 /* AppDelegate.m in Sources */ = {isa = PBXBuildFile; fileRef = D75DC4171B8F20D700AD7CA5 /* AppDelegate.m */; };
		D75DC4201B8F20D700AD7CA5 /* Images.xcassets in Resources */ = {isa = PBXBuildFile; fileRef = D75DC41F1B8F20D700AD7CA5 /* Images.xcassets */; };
		D75DC42F1B8F20D800AD7CA5 /* MessageBoxTests.m in Sources */ = {isa = PBXBuildFile; fileRef = D75DC42E1B8F20D800AD7CA5 /* MessageBoxTests.m */; };
		D75DC4411B8F210700AD7CA5 /* MessageNavigation.m in Sources */ = {isa = PBXBuildFile; fileRef = D75DC4391B8F210700AD7CA5 /* MessageNavigation.m */; };
		D75DC4421B8F210700AD7CA5 /* MessageViewController.m in Sources */ = {isa = PBXBuildFile; fileRef = D75DC43B1B8F210700AD7CA5 /* MessageViewController.m */; };
		D75DC4431B8F210700AD7CA5 /* MainCell.m in Sources */ = {isa = PBXBuildFile; fileRef = D75DC43D1B8F210700AD7CA5 /* MainCell.m */; };
		D75DC4441B8F210700AD7CA5 /* MainCell.xib in Resources */ = {isa = PBXBuildFile; fileRef = D75DC43E1B8F210700AD7CA5 /* MainCell.xib */; };
		D75DC4451B8F210700AD7CA5 /* GetData.m in Sources */ = {isa = PBXBuildFile; fileRef = D75DC4401B8F210700AD7CA5 /* GetData.m */; };
		D75DC4481B8F217800AD7CA5 /* CScrollView.m in Sources */ = {isa = PBXBuildFile; fileRef = D75DC4471B8F217800AD7CA5 /* CScrollView.m */; };
		D75DC44B1B8F225500AD7CA5 /* LaunchScreen.xib in Resources */ = {isa = PBXBuildFile; fileRef = D75DC44A1B8F225500AD7CA5 /* LaunchScreen.xib */; };
/* End PBXBuildFile section */

/* Begin PBXContainerItemProxy section */
		D75DC4291B8F20D800AD7CA5 /* PBXContainerItemProxy */ = {
			isa = PBXContainerItemProxy;
			containerPortal = D75DC4071B8F20D700AD7CA5 /* Project object */;
			proxyType = 1;
			remoteGlobalIDString = D75DC40E1B8F20D700AD7CA5;
			remoteInfo = MessageBox;
		};
/* End PBXContainerItemProxy section */

/* Begin PBXFileReference section */
		D75DC40F1B8F20D700AD7CA5 /* MessageBox.app */ = {isa = PBXFileReference; explicitFileType = wrapper.application; includeInIndex = 0; path = MessageBox.app; sourceTree = BUILT_PRODUCTS_DIR; };
		D75DC4131B8F20D700AD7CA5 /* Info.plist */ = {isa = PBXFileReference; lastKnownFileType = text.plist.xml; path = Info.plist; sourceTree = "<group>"; };
		D75DC4141B8F20D700AD7CA5 /* main.m */ = {isa = PBXFileReference; lastKnownFileType = sourcecode.c.objc; path = main.m; sourceTree = "<group>"; };
		D75DC4161B8F20D700AD7CA5 /* AppDelegate.h */ = {isa = PBXFileReference; lastKnownFileType = sourcecode.c.h; path = AppDelegate.h; sourceTree = "<group>"; };
		D75DC4171B8F20D700AD7CA5 /* AppDelegate.m */ = {isa = PBXFileReference; lastKnownFileType = sourcecode.c.objc; path = AppDelegate.m; sourceTree = "<group>"; };
		D75DC41F1B8F20D700AD7CA5 /* Images.xcassets */ = {isa = PBXFileReference; lastKnownFileType = folder.assetcatalog; path = Images.xcassets; sourceTree = "<group>"; };
		D75DC4281B8F20D800AD7CA5 /* MessageBoxTests.xctest */ = {isa = PBXFileReference; explicitFileType = wrapper.cfbundle; includeInIndex = 0; path = MessageBoxTests.xctest; sourceTree = BUILT_PRODUCTS_DIR; };
		D75DC42D1B8F20D800AD7CA5 /* Info.plist */ = {isa = PBXFileReference; lastKnownFileType = text.plist.xml; path = Info.plist; sourceTree = "<group>"; };
		D75DC42E1B8F20D800AD7CA5 /* MessageBoxTests.m */ = {isa = PBXFileReference; lastKnownFileType = sourcecode.c.objc; path = MessageBoxTests.m; sourceTree = "<group>"; };
		D75DC4381B8F210700AD7CA5 /* MessageNavigation.h */ = {isa = PBXFileReference; fileEncoding = 4; lastKnownFileType = sourcecode.c.h; path = MessageNavigation.h; sourceTree = "<group>"; };
		D75DC4391B8F210700AD7CA5 /* MessageNavigation.m */ = {isa = PBXFileReference; fileEncoding = 4; lastKnownFileType = sourcecode.c.objc; path = MessageNavigation.m; sourceTree = "<group>"; };
		D75DC43A1B8F210700AD7CA5 /* MessageViewController.h */ = {isa = PBXFileReference; fileEncoding = 4; lastKnownFileType = sourcecode.c.h; path = MessageViewController.h; sourceTree = "<group>"; };
		D75DC43B1B8F210700AD7CA5 /* MessageViewController.m */ = {isa = PBXFileReference; fileEncoding = 4; lastKnownFileType = sourcecode.c.objc; path = MessageViewController.m; sourceTree = "<group>"; };
		D75DC43C1B8F210700AD7CA5 /* MainCell.h */ = {isa = PBXFileReference; fileEncoding = 4; lastKnownFileType = sourcecode.c.h; path = MainCell.h; sourceTree = "<group>"; };
		D75DC43D1B8F210700AD7CA5 /* MainCell.m */ = {isa = PBXFileReference; fileEncoding = 4; lastKnownFileType = sourcecode.c.objc; path = MainCell.m; sourceTree = "<group>"; };
		D75DC43E1B8F210700AD7CA5 /* MainCell.xib */ = {isa = PBXFileReference; fileEncoding = 4; lastKnownFileType = file.xib; path = MainCell.xib; sourceTree = "<group>"; };
		D75DC43F1B8F210700AD7CA5 /* GetData.h */ = {isa = PBXFileReference; fileEncoding = 4; lastKnownFileType = sourcecode.c.h; path = GetData.h; sourceTree = "<group>"; };
		D75DC4401B8F210700AD7CA5 /* GetData.m */ = {isa = PBXFileReference; fileEncoding = 4; lastKnownFileType = sourcecode.c.objc; path = GetData.m; sourceTree = "<group>"; };
		D75DC4461B8F217800AD7CA5 /* CScrollView.h */ = {isa = PBXFileReference; fileEncoding = 4; lastKnownFileType = sourcecode.c.h; path = CScrollView.h; sourceTree = "<group>"; };
		D75DC4471B8F217800AD7CA5 /* CScrollView.m */ = {isa = PBXFileReference; fileEncoding = 4; lastKnownFileType = sourcecode.c.objc; path = CScrollView.m; sourceTree = "<group>"; };
		D75DC44A1B8F225500AD7CA5 /* LaunchScreen.xib */ = {isa = PBXFileReference; fileEncoding = 4; lastKnownFileType = file.xib; path = LaunchScreen.xib; sourceTree = "<group>"; };
/* End PBXFileReference section */

/* Begin PBXFrameworksBuildPhase section */
		D75DC40C1B8F20D700AD7CA5 /* Frameworks */ = {
			isa = PBXFrameworksBuildPhase;
			buildActionMask = 2147483647;
			files = (
			);
			runOnlyForDeploymentPostprocessing = 0;
		};
		D75DC4251B8F20D800AD7CA5 /* Frameworks */ = {
			isa = PBXFrameworksBuildPhase;
			buildActionMask = 2147483647;
			files = (
			);
			runOnlyForDeploymentPostprocessing = 0;
		};
/* End PBXFrameworksBuildPhase section */

/* Begin PBXGroup section */
		D75DC4061B8F20D700AD7CA5 = {
			isa = PBXGroup;
			children = (
				D75DC4111B8F20D700AD7CA5 /* MessageBox */,
				D75DC42B1B8F20D800AD7CA5 /* MessageBoxTests */,
				D75DC4101B8F20D700AD7CA5 /* Products */,
			);
			sourceTree = "<group>";
		};
		D75DC4101B8F20D700AD7CA5 /* Products */ = {
			isa = PBXGroup;
			children = (
				D75DC40F1B8F20D700AD7CA5 /* MessageBox.app */,
				D75DC4281B8F20D800AD7CA5 /* MessageBoxTests.xctest */,
			);
			name = Products;
			sourceTree = "<group>";
		};
		D75DC4111B8F20D700AD7CA5 /* MessageBox */ = {
			isa = PBXGroup;
			children = (
				D75DC4161B8F20D700AD7CA5 /* AppDelegate.h */,
				D75DC4171B8F20D700AD7CA5 /* AppDelegate.m */,
				D75DC4381B8F210700AD7CA5 /* MessageNavigation.h */,
				D75DC4391B8F210700AD7CA5 /* MessageNavigation.m */,
				D75DC43A1B8F210700AD7CA5 /* MessageViewController.h */,
				D75DC43B1B8F210700AD7CA5 /* MessageViewController.m */,
				D75DC43C1B8F210700AD7CA5 /* MainCell.h */,
				D75DC43D1B8F210700AD7CA5 /* MainCell.m */,
				D75DC43E1B8F210700AD7CA5 /* MainCell.xib */,
				D75DC43F1B8F210700AD7CA5 /* GetData.h */,
				D75DC4401B8F210700AD7CA5 /* GetData.m */,
				D75DC4491B8F217E00AD7CA5 /* CScrollView */,
				D75DC41F1B8F20D700AD7CA5 /* Images.xcassets */,
				D75DC44A1B8F225500AD7CA5 /* LaunchScreen.xib */,
				D75DC4121B8F20D700AD7CA5 /* Supporting Files */,
			);
			path = MessageBox;
			sourceTree = "<group>";
		};
		D75DC4121B8F20D700AD7CA5 /* Supporting Files */ = {
			isa = PBXGroup;
			children = (
				D75DC4131B8F20D700AD7CA5 /* Info.plist */,
				D75DC4141B8F20D700AD7CA5 /* main.m */,
			);
			name = "Supporting Files";
			sourceTree = "<group>";
		};
		D75DC42B1B8F20D800AD7CA5 /* MessageBoxTests */ = {
			isa = PBXGroup;
			children = (
				D75DC42E1B8F20D800AD7CA5 /* MessageBoxTests.m */,
				D75DC42C1B8F20D800AD7CA5 /* Supporting Files */,
			);
			path = MessageBoxTests;
			sourceTree = "<group>";
		};
		D75DC42C1B8F20D800AD7CA5 /* Supporting Files */ = {
			isa = PBXGroup;
			children = (
				D75DC42D1B8F20D800AD7CA5 /* Info.plist */,
			);
			name = "Supporting Files";
			sourceTree = "<group>";
		};
		D75DC4491B8F217E00AD7CA5 /* CScrollView */ = {
			isa = PBXGroup;
			children = (
				D75DC4461B8F217800AD7CA5 /* CScrollView.h */,
				D75DC4471B8F217800AD7CA5 /* CScrollView.m */,
			);
			name = CScrollView;
			sourceTree = "<group>";
		};
/* End PBXGroup section */

/* Begin PBXNativeTarget section */
		D75DC40E1B8F20D700AD7CA5 /* MessageBox */ = {
			isa = PBXNativeTarget;
			buildConfigurationList = D75DC4321B8F20D800AD7CA5 /* Build configuration list for PBXNativeTarget "MessageBox" */;
			buildPhases = (
				D75DC40B1B8F20D700AD7CA5 /* Sources */,
				D75DC40C1B8F20D700AD7CA5 /* Frameworks */,
				D75DC40D1B8F20D700AD7CA5 /* Resources */,
			);
			buildRules = (
			);
			dependencies = (
			);
			name = MessageBox;
			productName = MessageBox;
			productReference = D75DC40F1B8F20D700AD7CA5 /* MessageBox.app */;
			productType = "com.apple.product-type.application";
		};
		D75DC4271B8F20D800AD7CA5 /* MessageBoxTests */ = {
			isa = PBXNativeTarget;
			buildConfigurationList = D75DC4351B8F20D800AD7CA5 /* Build configuration list for PBXNativeTarget "MessageBoxTests" */;
			buildPhases = (
				D75DC4241B8F20D800AD7CA5 /* Sources */,
				D75DC4251B8F20D800AD7CA5 /* Frameworks */,
				D75DC4261B8F20D800AD7CA5 /* Resources */,
			);
			buildRules = (
			);
			dependencies = (
				D75DC42A1B8F20D800AD7CA5 /* PBXTargetDependency */,
			);
			name = MessageBoxTests;
			productName = MessageBoxTests;
			productReference = D75DC4281B8F20D800AD7CA5 /* MessageBoxTests.xctest */;
			productType = "com.apple.product-type.bundle.unit-test";
		};
/* End PBXNativeTarget section */

/* Begin PBXProject section */
		D75DC4071B8F20D700AD7CA5 /* Project object */ = {
			isa = PBXProject;
			attributes = {
				LastUpgradeCheck = 0640;
				ORGANIZATIONNAME = liaosipei;
				TargetAttributes = {
					D75DC40E1B8F20D700AD7CA5 = {
						CreatedOnToolsVersion = 6.4;
					};
					D75DC4271B8F20D800AD7CA5 = {
						CreatedOnToolsVersion = 6.4;
						TestTargetID = D75DC40E1B8F20D700AD7CA5;
					};
				};
			};
			buildConfigurationList = D75DC40A1B8F20D700AD7CA5 /* Build configuration list for PBXProject "MessageBox" */;
			compatibilityVersion = "Xcode 3.2";
			developmentRegion = English;
			hasScannedForEncodings = 0;
			knownRegions = (
				en,
				Base,
			);
			mainGroup = D75DC4061B8F20D700AD7CA5;
			productRefGroup = D75DC4101B8F20D700AD7CA5 /* Products */;
			projectDirPath = "";
			projectRoot = "";
			targets = (
				D75DC40E1B8F20D700AD7CA5 /* MessageBox */,
				D75DC4271B8F20D800AD7CA5 /* MessageBoxTests */,
			);
		};
/* End PBXProject section */

/* Begin PBXResourcesBuildPhase section */
		D75DC40D1B8F20D700AD7CA5 /* Resources */ = {
			isa = PBXResourcesBuildPhase;
			buildActionMask = 2147483647;
			files = (
				D75DC4441B8F210700AD7CA5 /* MainCell.xib in Resources */,
				D75DC44B1B8F225500AD7CA5 /* LaunchScreen.xib in Resources */,
				D75DC4201B8F20D700AD7CA5 /* Images.xcassets in Resources */,
			);
			runOnlyForDeploymentPostprocessing = 0;
		};
		D75DC4261B8F20D800AD7CA5 /* Resources */ = {
			isa = PBXResourcesBuildPhase;
			buildActionMask = 2147483647;
			files = (
			);
			runOnlyForDeploymentPostprocessing = 0;
		};
/* End PBXResourcesBuildPhase section */

/* Begin PBXSourcesBuildPhase section */
		D75DC40B1B8F20D700AD7CA5 /* Sources */ = {
			isa = PBXSourcesBuildPhase;
			buildActionMask = 2147483647;
			files = (
				D75DC4431B8F210700AD7CA5 /* MainCell.m in Sources */,
				D75DC4181B8F20D700AD7CA5 /* AppDelegate.m in Sources */,
				D75DC4481B8F217800AD7CA5 /* CScrollView.m in Sources */,
				D75DC4451B8F210700AD7CA5 /* GetData.m in Sources */,
				D75DC4411B8F210700AD7CA5 /* MessageNavigation.m in Sources */,
				D75DC4421B8F210700AD7CA5 /* MessageViewController.m in Sources */,
				D75DC4151B8F20D700AD7CA5 /* main.m in Sources */,
			);
			runOnlyForDeploymentPostprocessing = 0;
		};
		D75DC4241B8F20D800AD7CA5 /* Sources */ = {
			isa = PBXSourcesBuildPhase;
			buildActionMask = 2147483647;
			files = (
				D75DC42F1B8F20D800AD7CA5 /* MessageBoxTests.m in Sources */,
			);
			runOnlyForDeploymentPostprocessing = 0;
		};
/* End PBXSourcesBuildPhase section */

/* Begin PBXTargetDependency section */
		D75DC42A1B8F20D800AD7CA5 /* PBXTargetDependency */ = {
			isa = PBXTargetDependency;
			target = D75DC40E1B8F20D700AD7CA5 /* MessageBox */;
			targetProxy = D75DC4291B8F20D800AD7CA5 /* PBXContainerItemProxy */;
		};
/* End PBXTargetDependency section */

/* Begin XCBuildConfiguration section */
		D75DC4301B8F20D800AD7CA5 /* Debug */ = {
			isa = XCBuildConfiguration;
			buildSettings = {
				ALWAYS_SEARCH_USER_PATHS = NO;
				CLANG_CXX_LANGUAGE_STANDARD = "gnu++0x";
				CLANG_CXX_LIBRARY = "libc++";
				CLANG_ENABLE_MODULES = YES;
				CLANG_ENABLE_OBJC_ARC = YES;
				CLANG_WARN_BOOL_CONVERSION = YES;
				CLANG_WARN_CONSTANT_CONVERSION = YES;
				CLANG_WARN_DIRECT_OBJC_ISA_USAGE = YES_ERROR;
				CLANG_WARN_EMPTY_BODY = YES;
				CLANG_WARN_ENUM_CONVERSION = YES;
				CLANG_WARN_INT_CONVERSION = YES;
				CLANG_WARN_OBJC_ROOT_CLASS = YES_ERROR;
				CLANG_WARN_UNREACHABLE_CODE = YES;
				CLANG_WARN__DUPLICATE_METHOD_MATCH = YES;
				"CODE_SIGN_IDENTITY[sdk=iphoneos*]" = "iPhone Developer";
				COPY_PHASE_STRIP = NO;
				DEBUG_INFORMATION_FORMAT = "dwarf-with-dsym";
				ENABLE_STRICT_OBJC_MSGSEND = YES;
				GCC_C_LANGUAGE_STANDARD = gnu99;
				GCC_DYNAMIC_NO_PIC = NO;
				GCC_NO_COMMON_BLOCKS = YES;
				GCC_OPTIMIZATION_LEVEL = 0;
				GCC_PREPROCESSOR_DEFINITIONS = (
					"DEBUG=1",
					"$(inherited)",
				);
				GCC_SYMBOLS_PRIVATE_EXTERN = NO;
				GCC_WARN_64_TO_32_BIT_CONVERSION = YES;
				GCC_WARN_ABOUT_RETURN_TYPE = YES_ERROR;
				GCC_WARN_UNDECLARED_SELECTOR = YES;
				GCC_WARN_UNINITIALIZED_AUTOS = YES_AGGRESSIVE;
				GCC_WARN_UNUSED_FUNCTION = YES;
				GCC_WARN_UNUSED_VARIABLE = YES;
				IPHONEOS_DEPLOYMENT_TARGET = 8.4;
				MTL_ENABLE_DEBUG_INFO = YES;
				ONLY_ACTIVE_ARCH = YES;
				SDKROOT = iphoneos;
			};
			name = Debug;
		};
		D75DC4311B8F20D800AD7CA5 /* Release */ = {
			isa = XCBuildConfiguration;
			buildSettings = {
				ALWAYS_SEARCH_USER_PATHS = NO;
				CLANG_CXX_LANGUAGE_STANDARD = "gnu++0x";
				CLANG_CXX_LIBRARY = "libc++";
				CLANG_ENABLE_MODULES = YES;
				CLANG_ENABLE_OBJC_ARC = YES;
				CLANG_WARN_BOOL_CONVERSION = YES;
				CLANG_WARN_CONSTANT_CONVERSION = YES;
				CLANG_WARN_DIRECT_OBJC_ISA_USAGE = YES_ERROR;
				CLANG_WARN_EMPTY_BODY = YES;
				CLANG_WARN_ENUM_CONVERSION = YES;
				CLANG_WARN_INT_CONVERSION = YES;
				CLANG_WARN_OBJC_ROOT_CLASS = YES_ERROR;
				CLANG_WARN_UNREACHABLE_CODE = YES;
				CLANG_WARN__DUPLICATE_METHOD_MATCH = YES;
				"CODE_SIGN_IDENTITY[sdk=iphoneos*]" = "iPhone Developer";
				COPY_PHASE_STRIP = NO;
				DEBUG_INFORMATION_FORMAT = "dwarf-with-dsym";
				ENABLE_NS_ASSERTIONS = NO;
				ENABLE_STRICT_OBJC_MSGSEND = YES;
				GCC_C_LANGUAGE_STANDARD = gnu99;
				GCC_NO_COMMON_BLOCKS = YES;
				GCC_WARN_64_TO_32_BIT_CONVERSION = YES;
				GCC_WARN_ABOUT_RETURN_TYPE = YES_ERROR;
				GCC_WARN_UNDECLARED_SELECTOR = YES;
				GCC_WARN_UNINITIALIZED_AUTOS = YES_AGGRESSIVE;
				GCC_WARN_UNUSED_FUNCTION = YES;
				GCC_WARN_UNUSED_VARIABLE = YES;
				IPHONEOS_DEPLOYMENT_TARGET = 8.4;
				MTL_ENABLE_DEBUG_INFO = NO;
				SDKROOT = iphoneos;
				VALIDATE_PRODUCT = YES;
			};
			name = Release;
		};
		D75DC4331B8F20D800AD7CA5 /* Debug */ = {
			isa = XCBuildConfiguration;
			buildSettings = {
				ASSETCATALOG_COMPILER_APPICON_NAME = AppIcon;
				INFOPLIST_FILE = MessageBox/Info.plist;
				IPHONEOS_DEPLOYMENT_TARGET = 8.2;
				LD_RUNPATH_SEARCH_PATHS = "$(inherited) @executable_path/Frameworks";
				PRODUCT_NAME = "$(TARGET_NAME)";
			};
			name = Debug;
		};
		D75DC4341B8F20D800AD7CA5 /* Release */ = {
			isa = XCBuildConfiguration;
			buildSettings = {
				ASSETCATALOG_COMPILER_APPICON_NAME = AppIcon;
				INFOPLIST_FILE = MessageBox/Info.plist;
				IPHONEOS_DEPLOYMENT_TARGET = 8.2;
				LD_RUNPATH_SEARCH_PATHS = "$(inherited) @executable_path/Frameworks";
				PRODUCT_NAME = "$(TARGET_NAME)";
			};
			name = Release;
		};
		D75DC4361B8F20D800AD7CA5 /* Debug */ = {
			isa = XCBuildConfiguration;
			buildSettings = {
				BUNDLE_LOADER = "$(TEST_HOST)";
				FRAMEWORK_SEARCH_PATHS = (
					"$(SDKROOT)/Developer/Library/Frameworks",
					"$(inherited)",
				);
				GCC_PREPROCESSOR_DEFINITIONS = (
					"DEBUG=1",
					"$(inherited)",
				);
				INFOPLIST_FILE = MessageBoxTests/Info.plist;
				LD_RUNPATH_SEARCH_PATHS = "$(inherited) @executable_path/Frameworks @loader_path/Frameworks";
				PRODUCT_NAME = "$(TARGET_NAME)";
				TEST_HOST = "$(BUILT_PRODUCTS_DIR)/MessageBox.app/MessageBox";
			};
			name = Debug;
		};
		D75DC4371B8F20D800AD7CA5 /* Release */ = {
			isa = XCBuildConfiguration;
			buildSettings = {
				BUNDLE_LOADER = "$(TEST_HOST)";
				FRAMEWORK_SEARCH_PATHS = (
					"$(SDKROOT)/Developer/Library/Frameworks",
					"$(inherited)",
				);
				INFOPLIST_FILE = MessageBoxTests/Info.plist;
				LD_RUNPATH_SEARCH_PATHS = "$(inherited) @executable_path/Frameworks @loader_path/Frameworks";
				PRODUCT_NAME = "$(TARGET_NAME)";
				TEST_HOST = "$(BUILT_PRODUCTS_DIR)/MessageBox.app/MessageBox";
			};
			name = Release;
		};
/* End XCBuildConfiguration section */

/* Begin XCConfigurationList section */
		D75DC40A1B8F20D700AD7CA5 /* Build configuration list for PBXProject "MessageBox" */ = {
			isa = XCConfigurationList;
			buildConfigurations = (
				D75DC4301B8F20D800AD7CA5 /* Debug */,
				D75DC4311B8F20D800AD7CA5 /* Release */,
			);
			defaultConfigurationIsVisible = 0;
			defaultConfigurationName = Release;
		};
		D75DC4321B8F20D800AD7CA5 /* Build configuration list for PBXNativeTarget "MessageBox" */ = {
			isa = XCConfigurationList;
			buildConfigurations = (
				D75DC4331B8F20D800AD7CA5 /* Debug */,
				D75DC4341B8F20D800AD7CA5 /* Release */,
			);
			defaultConfigurationIsVisible = 0;
		};
		D75DC4351B8F20D800AD7CA5 /* Build configuration list for PBXNativeTarget "MessageBoxTests" */ = {
			isa = XCConfigurationList;
			buildConfigurations = (
				D75DC4361B8F20D800AD7CA5 /* Debug */,
				D75DC4371B8F20D800AD7CA5 /* Release */,
			);
			defaultConfigurationIsVisible = 0;
		};
/* End XCConfigurationList section */
	};
	rootObject = D75DC4071B8F20D700AD7CA5 /* Project object */;
}
